
Microsoft Visual Studio Solution File, Format Version 12.00
# Visual Studio Version 17
VisualStudioVersion = 17.4.33110.190
MinimumVisualStudioVersion = 10.0.40219.1
Project("{FAE04EC0-301F-11D3-BF4B-00C04F79EFBC}") = "LAB3", "LAB3.csproj", "{2C11C0BC-E495-4BE1-BB4F-C161C4B92B39}"
EndProject
Global
	GlobalSection(SolutionConfigurationPlatforms) = preSolution
		Debug|Any CPU = Debug|Any CPU
		Release|Any CPU = Release|Any CPU
	EndGlobalSection
	GlobalSection(ProjectConfigurationPlatforms) = postSolution
		{2C11C0BC-E495-4BE1-BB4F-C161C4B92B39}.Debug|Any CPU.ActiveCfg = Debug|Any CPU
		{2C11C0BC-E495-4BE1-BB4F-C161C4B92B39}.Debug|Any CPU.Build.0 = Debug|Any CPU
		{2C11C0BC-E495-4BE1-BB4F-C161C4B92B39}.Release|Any CPU.ActiveCfg = Release|Any CPU
		{2C11C0BC-E495-4BE1-BB4F-C161C4B92B39}.Release|Any CPU.Build.0 = Release|Any CPU
	EndGlobalSection
	GlobalSection(SolutionProperties) = preSolution
		HideSolutionNode = FALSE
	EndGlobalSection
	GlobalSection(ExtensibilityGlobals) = postSolution
		SolutionGuid = {85CDC420-7BB4-4195-8E5B-697663E6E34C}
	EndGlobalSection
EndGlobal
